// !$*UTF8*$!
{
	archiveVersion = 1;
	classes = {
	};
	objectVersion = 56;
	objects = {

/* Begin PBXBuildFile section */
		EF313E472C5E366200AC85AD /* SelfieCamApp.swift in Sources */ = {isa = PBXBuildFile; fileRef = EF313E462C5E366200AC85AD /* SelfieCamApp.swift */; };
		EF313E492C5E366200AC85AD /* ContentView.swift in Sources */ = {isa = PBXBuildFile; fileRef = EF313E482C5E366200AC85AD /* ContentView.swift */; };
		EF313E4B2C5E366300AC85AD /* Assets.xcassets in Resources */ = {isa = PBXBuildFile; fileRef = EF313E4A2C5E366300AC85AD /* Assets.xcassets */; };
		EF313E4E2C5E366300AC85AD /* Preview Assets.xcassets in Resources */ = {isa = PBXBuildFile; fileRef = EF313E4D2C5E366300AC85AD /* Preview Assets.xcassets */; };
		EF313E582C5E366300AC85AD /* SelfieCamTests.swift in Sources */ = {isa = PBXBuildFile; fileRef = EF313E572C5E366300AC85AD /* SelfieCamTests.swift */; };
		EF313E622C5E366300AC85AD /* SelfieCamUITests.swift in Sources */ = {isa = PBXBuildFile; fileRef = EF313E612C5E366300AC85AD /* SelfieCamUITests.swift */; };
		EF313E642C5E366300AC85AD /* SelfieCamUITestsLaunchTests.swift in Sources */ = {isa = PBXBuildFile; fileRef = EF313E632C5E366300AC85AD /* SelfieCamUITestsLaunchTests.swift */; };
/* End PBXBuildFile section */

/* Begin PBXContainerItemProxy section */
		EF313E542C5E366300AC85AD /* PBXContainerItemProxy */ = {
			isa = PBXContainerItemProxy;
			containerPortal = EF313E3B2C5E366200AC85AD /* Project object */;
			proxyType = 1;
			remoteGlobalIDString = EF313E422C5E366200AC85AD;
			remoteInfo = SelfieCam;
		};
		EF313E5E2C5E366300AC85AD /* PBXContainerItemProxy */ = {
			isa = PBXContainerItemProxy;
			containerPortal = EF313E3B2C5E366200AC85AD /* Project object */;
			proxyType = 1;
			remoteGlobalIDString = EF313E422C5E366200AC85AD;
			remoteInfo = SelfieCam;
		};
/* End PBXContainerItemProxy section */

/* Begin PBXFileReference section */
		EF313E432C5E366200AC85AD /* SelfieCam.app */ = {isa = PBXFileReference; explicitFileType = wrapper.application; includeInIndex = 0; path = SelfieCam.app; sourceTree = BUILT_PRODUCTS_DIR; };
		EF313E462C5E366200AC85AD /* SelfieCamApp.swift */ = {isa = PBXFileReference; lastKnownFileType = sourcecode.swift; path = SelfieCamApp.swift; sourceTree = "<group>"; };
		EF313E482C5E366200AC85AD /* ContentView.swift */ = {isa = PBXFileReference; lastKnownFileType = sourcecode.swift; path = ContentView.swift; sourceTree = "<group>"; };
		EF313E4A2C5E366300AC85AD /* Assets.xcassets */ = {isa = PBXFileReference; lastKnownFileType = folder.assetcatalog; path = Assets.xcassets; sourceTree = "<group>"; };
		EF313E4D2C5E366300AC85AD /* Preview Assets.xcassets */ = {isa = PBXFileReference; lastKnownFileType = folder.assetcatalog; path = "Preview Assets.xcassets"; sourceTree = "<group>"; };
		EF313E532C5E366300AC85AD /* SelfieCamTests.xctest */ = {isa = PBXFileReference; explicitFileType = wrapper.cfbundle; includeInIndex = 0; path = SelfieCamTests.xctest; sourceTree = BUILT_PRODUCTS_DIR; };
		EF313E572C5E366300AC85AD /* SelfieCamTests.swift */ = {isa = PBXFileReference; lastKnownFileType = sourcecode.swift; path = SelfieCamTests.swift; sourceTree = "<group>"; };
		EF313E5D2C5E366300AC85AD /* SelfieCamUITests.xctest */ = {isa = PBXFileReference; explicitFileType = wrapper.cfbundle; includeInIndex = 0; path = SelfieCamUITests.xctest; sourceTree = BUILT_PRODUCTS_DIR; };
		EF313E612C5E366300AC85AD /* SelfieCamUITests.swift */ = {isa = PBXFileReference; lastKnownFileType = sourcecode.swift; path = SelfieCamUITests.swift; sourceTree = "<group>"; };
		EF313E632C5E366300AC85AD /* SelfieCamUITestsLaunchTests.swift */ = {isa = PBXFileReference; lastKnownFileType = sourcecode.swift; path = SelfieCamUITestsLaunchTests.swift; sourceTree = "<group>"; };
/* End PBXFileReference section */

/* Begin PBXFrameworksBuildPhase section */
		EF313E402C5E366200AC85AD /* Frameworks */ = {
			isa = PBXFrameworksBuildPhase;
			buildActionMask = 2147483647;
			files = (
			);
			runOnlyForDeploymentPostprocessing = 0;
		};
		EF313E502C5E366300AC85AD /* Frameworks */ = {
			isa = PBXFrameworksBuildPhase;
			buildActionMask = 2147483647;
			files = (
			);
			runOnlyForDeploymentPostprocessing = 0;
		};
		EF313E5A2C5E366300AC85AD /* Frameworks */ = {
			isa = PBXFrameworksBuildPhase;
			buildActionMask = 2147483647;
			files = (
			);
			runOnlyForDeploymentPostprocessing = 0;
		};
/* End PBXFrameworksBuildPhase section */

/* Begin PBXGroup section */
		EF313E3A2C5E366200AC85AD = {
			isa = PBXGroup;
			children = (
				EF313E452C5E366200AC85AD /* SelfieCam */,
				EF313E562C5E366300AC85AD /* SelfieCamTests */,
				EF313E602C5E366300AC85AD /* SelfieCamUITests */,
				EF313E442C5E366200AC85AD /* Products */,
			);
			sourceTree = "<group>";
		};
		EF313E442C5E366200AC85AD /* Products */ = {
			isa = PBXGroup;
			children = (
				EF313E432C5E366200AC85AD /* SelfieCam.app */,
				EF313E532C5E366300AC85AD /* SelfieCamTests.xctest */,
				EF313E5D2C5E366300AC85AD /* SelfieCamUITests.xctest */,
			);
			name = Products;
			sourceTree = "<group>";
		};
		EF313E452C5E366200AC85AD /* SelfieCam */ = {
			isa = PBXGroup;
			children = (
				EF313E462C5E366200AC85AD /* SelfieCamApp.swift */,
				EF313E482C5E366200AC85AD /* ContentView.swift */,
				EF313E4A2C5E366300AC85AD /* Assets.xcassets */,
				EF313E4C2C5E366300AC85AD /* Preview Content */,
			);
			path = SelfieCam;
			sourceTree = "<group>";
		};
		EF313E4C2C5E366300AC85AD /* Preview Content */ = {
			isa = PBXGroup;
			children = (
				EF313E4D2C5E366300AC85AD /* Preview Assets.xcassets */,
			);
			path = "Preview Content";
			sourceTree = "<group>";
		};
		EF313E562C5E366300AC85AD /* SelfieCamTests */ = {
			isa = PBXGroup;
			children = (
				EF313E572C5E366300AC85AD /* SelfieCamTests.swift */,
			);
			path = SelfieCamTests;
			sourceTree = "<group>";
		};
		EF313E602C5E366300AC85AD /* SelfieCamUITests */ = {
			isa = PBXGroup;
			children = (
				EF313E612C5E366300AC85AD /* SelfieCamUITests.swift */,
				EF313E632C5E366300AC85AD /* SelfieCamUITestsLaunchTests.swift */,
			);
			path = SelfieCamUITests;
			sourceTree = "<group>";
		};
/* End PBXGroup section */

/* Begin PBXNativeTarget section */
		EF313E422C5E366200AC85AD /* SelfieCam */ = {
			isa = PBXNativeTarget;
			buildConfigurationList = EF313E672C5E366300AC85AD /* Build configuration list for PBXNativeTarget "SelfieCam" */;
			buildPhases = (
				EF313E3F2C5E366200AC85AD /* Sources */,
				EF313E402C5E366200AC85AD /* Frameworks */,
				EF313E412C5E366200AC85AD /* Resources */,
			);
			buildRules = (
			);
			dependencies = (
			);
			name = SelfieCam;
			productName = SelfieCam;
			productReference = EF313E432C5E366200AC85AD /* SelfieCam.app */;
			productType = "com.apple.product-type.application";
		};
		EF313E522C5E366300AC85AD /* SelfieCamTests */ = {
			isa = PBXNativeTarget;
			buildConfigurationList = EF313E6A2C5E366300AC85AD /* Build configuration list for PBXNativeTarget "SelfieCamTests" */;
			buildPhases = (
				EF313E4F2C5E366300AC85AD /* Sources */,
				EF313E502C5E366300AC85AD /* Frameworks */,
				EF313E512C5E366300AC85AD /* Resources */,
			);
			buildRules = (
			);
			dependencies = (
				EF313E552C5E366300AC85AD /* PBXTargetDependency */,
			);
			name = SelfieCamTests;
			productName = SelfieCamTests;
			productReference = EF313E532C5E366300AC85AD /* SelfieCamTests.xctest */;
			productType = "com.apple.product-type.bundle.unit-test";
		};
		EF313E5C2C5E366300AC85AD /* SelfieCamUITests */ = {
			isa = PBXNativeTarget;
			buildConfigurationList = EF313E6D2C5E366300AC85AD /* Build configuration list for PBXNativeTarget "SelfieCamUITests" */;
			buildPhases = (
				EF313E592C5E366300AC85AD /* Sources */,
				EF313E5A2C5E366300AC85AD /* Frameworks */,
				EF313E5B2C5E366300AC85AD /* Resources */,
			);
			buildRules = (
			);
			dependencies = (
				EF313E5F2C5E366300AC85AD /* PBXTargetDependency */,
			);
			name = SelfieCamUITests;
			productName = SelfieCamUITests;
			productReference = EF313E5D2C5E366300AC85AD /* SelfieCamUITests.xctest */;
			productType = "com.apple.product-type.bundle.ui-testing";
		};
/* End PBXNativeTarget section */

/* Begin PBXProject section */
		EF313E3B2C5E366200AC85AD /* Project object */ = {
			isa = PBXProject;
			attributes = {
				BuildIndependentTargetsInParallel = 1;
				LastSwiftUpdateCheck = 1500;
				LastUpgradeCheck = 1500;
				TargetAttributes = {
					EF313E422C5E366200AC85AD = {
						CreatedOnToolsVersion = 15.0.1;
					};
					EF313E522C5E366300AC85AD = {
						CreatedOnToolsVersion = 15.0.1;
						TestTargetID = EF313E422C5E366200AC85AD;
					};
					EF313E5C2C5E366300AC85AD = {
						CreatedOnToolsVersion = 15.0.1;
						TestTargetID = EF313E422C5E366200AC85AD;
					};
				};
			};
			buildConfigurationList = EF313E3E2C5E366200AC85AD /* Build configuration list for PBXProject "SelfieCam" */;
			compatibilityVersion = "Xcode 14.0";
			developmentRegion = en;
			hasScannedForEncodings = 0;
			knownRegions = (
				en,
				Base,
			);
			mainGroup = EF313E3A2C5E366200AC85AD;
			productRefGroup = EF313E442C5E366200AC85AD /* Products */;
			projectDirPath = "";
			projectRoot = "";
			targets = (
				EF313E422C5E366200AC85AD /* SelfieCam */,
				EF313E522C5E366300AC85AD /* SelfieCamTests */,
				EF313E5C2C5E366300AC85AD /* SelfieCamUITests */,
			);
		};
/* End PBXProject section */

/* Begin PBXResourcesBuildPhase section */
		EF313E412C5E366200AC85AD /* Resources */ = {
			isa = PBXResourcesBuildPhase;
			buildActionMask = 2147483647;
			files = (
				EF313E4E2C5E366300AC85AD /* Preview Assets.xcassets in Resources */,
				EF313E4B2C5E366300AC85AD /* Assets.xcassets in Resources */,
			);
			runOnlyForDeploymentPostprocessing = 0;
		};
		EF313E512C5E366300AC85AD /* Resources */ = {
			isa = PBXResourcesBuildPhase;
			buildActionMask = 2147483647;
			files = (
			);
			runOnlyForDeploymentPostprocessing = 0;
		};
		EF313E5B2C5E366300AC85AD /* Resources */ = {
			isa = PBXResourcesBuildPhase;
			buildActionMask = 2147483647;
			files = (
			);
			runOnlyForDeploymentPostprocessing = 0;
		};
/* End PBXResourcesBuildPhase section */

/* Begin PBXSourcesBuildPhase section */
		EF313E3F2C5E366200AC85AD /* Sources */ = {
			isa = PBXSourcesBuildPhase;
			buildActionMask = 2147483647;
			files = (
				EF313E492C5E366200AC85AD /* ContentView.swift in Sources */,
				EF313E472C5E366200AC85AD /* SelfieCamApp.swift in Sources */,
			);
			runOnlyForDeploymentPostprocessing = 0;
		};
		EF313E4F2C5E366300AC85AD /* Sources */ = {
			isa = PBXSourcesBuildPhase;
			buildActionMask = 2147483647;
			files = (
				EF313E582C5E366300AC85AD /* SelfieCamTests.swift in Sources */,
			);
			runOnlyForDeploymentPostprocessing = 0;
		};
		EF313E592C5E366300AC85AD /* Sources */ = {
			isa = PBXSourcesBuildPhase;
			buildActionMask = 2147483647;
			files = (
				EF313E642C5E366300AC85AD /* SelfieCamUITestsLaunchTests.swift in Sources */,
				EF313E622C5E366300AC85AD /* SelfieCamUITests.swift in Sources */,
			);
			runOnlyForDeploymentPostprocessing = 0;
		};
/* End PBXSourcesBuildPhase section */

/* Begin PBXTargetDependency section */
		EF313E552C5E366300AC85AD /* PBXTargetDependency */ = {
			isa = PBXTargetDependency;
			target = EF313E422C5E366200AC85AD /* SelfieCam */;
			targetProxy = EF313E542C5E366300AC85AD /* PBXContainerItemProxy */;
		};
		EF313E5F2C5E366300AC85AD /* PBXTargetDependency */ = {
			isa = PBXTargetDependency;
			target = EF313E422C5E366200AC85AD /* SelfieCam */;
			targetProxy = EF313E5E2C5E366300AC85AD /* PBXContainerItemProxy */;
		};
/* End PBXTargetDependency section */

/* Begin XCBuildConfiguration section */
		EF313E652C5E366300AC85AD /* Debug */ = {
			isa = XCBuildConfiguration;
			buildSettings = {
				ALWAYS_SEARCH_USER_PATHS = NO;
				ASSETCATALOG_COMPILER_GENERATE_SWIFT_ASSET_SYMBOL_EXTENSIONS = YES;
				CLANG_ANALYZER_NONNULL = YES;
				CLANG_ANALYZER_NUMBER_OBJECT_CONVERSION = YES_AGGRESSIVE;
				CLANG_CXX_LANGUAGE_STANDARD = "gnu++20";
				CLANG_ENABLE_MODULES = YES;
				CLANG_ENABLE_OBJC_ARC = YES;
				CLANG_ENABLE_OBJC_WEAK = YES;
				CLANG_WARN_BLOCK_CAPTURE_AUTORELEASING = YES;
				CLANG_WARN_BOOL_CONVERSION = YES;
				CLANG_WARN_COMMA = YES;
				CLANG_WARN_CONSTANT_CONVERSION = YES;
				CLANG_WARN_DEPRECATED_OBJC_IMPLEMENTATIONS = YES;
				CLANG_WARN_DIRECT_OBJC_ISA_USAGE = YES_ERROR;
				CLANG_WARN_DOCUMENTATION_COMMENTS = YES;
				CLANG_WARN_EMPTY_BODY = YES;
				CLANG_WARN_ENUM_CONVERSION = YES;
				CLANG_WARN_INFINITE_RECURSION = YES;
				CLANG_WARN_INT_CONVERSION = YES;
				CLANG_WARN_NON_LITERAL_NULL_CONVERSION = YES;
				CLANG_WARN_OBJC_IMPLICIT_RETAIN_SELF = YES;
				CLANG_WARN_OBJC_LITERAL_CONVERSION = YES;
				CLANG_WARN_OBJC_ROOT_CLASS = YES_ERROR;
				CLANG_WARN_QUOTED_INCLUDE_IN_FRAMEWORK_HEADER = YES;
				CLANG_WARN_RANGE_LOOP_ANALYSIS = YES;
				CLANG_WARN_STRICT_PROTOTYPES = YES;
				CLANG_WARN_SUSPICIOUS_MOVE = YES;
				CLANG_WARN_UNGUARDED_AVAILABILITY = YES_AGGRESSIVE;
				CLANG_WARN_UNREACHABLE_CODE = YES;
				CLANG_WARN__DUPLICATE_METHOD_MATCH = YES;
				COPY_PHASE_STRIP = NO;
				DEBUG_INFORMATION_FORMAT = dwarf;
				ENABLE_STRICT_OBJC_MSGSEND = YES;
				ENABLE_TESTABILITY = YES;
				ENABLE_USER_SCRIPT_SANDBOXING = YES;
				GCC_C_LANGUAGE_STANDARD = gnu17;
				GCC_DYNAMIC_NO_PIC = NO;
				GCC_NO_COMMON_BLOCKS = YES;
				GCC_OPTIMIZATION_LEVEL = 0;
				GCC_PREPROCESSOR_DEFINITIONS = (
					"DEBUG=1",
					"$(inherited)",
				);
				GCC_WARN_64_TO_32_BIT_CONVERSION = YES;
				GCC_WARN_ABOUT_RETURN_TYPE = YES_ERROR;
				GCC_WARN_UNDECLARED_SELECTOR = YES;
				GCC_WARN_UNINITIALIZED_AUTOS = YES_AGGRESSIVE;
				GCC_WARN_UNUSED_FUNCTION = YES;
				GCC_WARN_UNUSED_VARIABLE = YES;
				IPHONEOS_DEPLOYMENT_TARGET = 17.0;
				LOCALIZATION_PREFERS_STRING_CATALOGS = YES;
				MTL_ENABLE_DEBUG_INFO = INCLUDE_SOURCE;
				MTL_FAST_MATH = YES;
				ONLY_ACTIVE_ARCH = YES;
				SDKROOT = iphoneos;
				SWIFT_ACTIVE_COMPILATION_CONDITIONS = "DEBUG $(inherited)";
				SWIFT_OPTIMIZATION_LEVEL = "-Onone";
			};
			name = Debug;
		};
		EF313E662C5E366300AC85AD /* Release */ = {
			isa = XCBuildConfiguration;
			buildSettings = {
				ALWAYS_SEARCH_USER_PATHS = NO;
				ASSETCATALOG_COMPILER_GENERATE_SWIFT_ASSET_SYMBOL_EXTENSIONS = YES;
				CLANG_ANALYZER_NONNULL = YES;
				CLANG_ANALYZER_NUMBER_OBJECT_CONVERSION = YES_AGGRESSIVE;
				CLANG_CXX_LANGUAGE_STANDARD = "gnu++20";
				CLANG_ENABLE_MODULES = YES;
				CLANG_ENABLE_OBJC_ARC = YES;
				CLANG_ENABLE_OBJC_WEAK = YES;
				CLANG_WARN_BLOCK_CAPTURE_AUTORELEASING = YES;
				CLANG_WARN_BOOL_CONVERSION = YES;
				CLANG_WARN_COMMA = YES;
				CLANG_WARN_CONSTANT_CONVERSION = YES;
				CLANG_WARN_DEPRECATED_OBJC_IMPLEMENTATIONS = YES;
				CLANG_WARN_DIRECT_OBJC_ISA_USAGE = YES_ERROR;
				CLANG_WARN_DOCUMENTATION_COMMENTS = YES;
				CLANG_WARN_EMPTY_BODY = YES;
				CLANG_WARN_ENUM_CONVERSION = YES;
				CLANG_WARN_INFINITE_RECURSION = YES;
				CLANG_WARN_INT_CONVERSION = YES;
				CLANG_WARN_NON_LITERAL_NULL_CONVERSION = YES;
				CLANG_WARN_OBJC_IMPLICIT_RETAIN_SELF = YES;
				CLANG_WARN_OBJC_LITERAL_CONVERSION = YES;
				CLANG_WARN_OBJC_ROOT_CLASS = YES_ERROR;
				CLANG_WARN_QUOTED_INCLUDE_IN_FRAMEWORK_HEADER = YES;
				CLANG_WARN_RANGE_LOOP_ANALYSIS = YES;
				CLANG_WARN_STRICT_PROTOTYPES = YES;
				CLANG_WARN_SUSPICIOUS_MOVE = YES;
				CLANG_WARN_UNGUARDED_AVAILABILITY = YES_AGGRESSIVE;
				CLANG_WARN_UNREACHABLE_CODE = YES;
				CLANG_WARN__DUPLICATE_METHOD_MATCH = YES;
				COPY_PHASE_STRIP = NO;
				DEBUG_INFORMATION_FORMAT = "dwarf-with-dsym";
				ENABLE_NS_ASSERTIONS = NO;
				ENABLE_STRICT_OBJC_MSGSEND = YES;
				ENABLE_USER_SCRIPT_SANDBOXING = YES;
				GCC_C_LANGUAGE_STANDARD = gnu17;
				GCC_NO_COMMON_BLOCKS = YES;
				GCC_WARN_64_TO_32_BIT_CONVERSION = YES;
				GCC_WARN_ABOUT_RETURN_TYPE = YES_ERROR;
				GCC_WARN_UNDECLARED_SELECTOR = YES;
				GCC_WARN_UNINITIALIZED_AUTOS = YES_AGGRESSIVE;
				GCC_WARN_UNUSED_FUNCTION = YES;
				GCC_WARN_UNUSED_VARIABLE = YES;
				IPHONEOS_DEPLOYMENT_TARGET = 17.0;
				LOCALIZATION_PREFERS_STRING_CATALOGS = YES;
				MTL_ENABLE_DEBUG_INFO = NO;
				MTL_FAST_MATH = YES;
				SDKROOT = iphoneos;
				SWIFT_COMPILATION_MODE = wholemodule;
				VALIDATE_PRODUCT = YES;
			};
			name = Release;
		};
		EF313E682C5E366300AC85AD /* Debug */ = {
			isa = XCBuildConfiguration;
			buildSettings = {
				ASSETCATALOG_COMPILER_APPICON_NAME = AppIcon;
				ASSETCATALOG_COMPILER_GLOBAL_ACCENT_COLOR_NAME = AccentColor;
				CODE_SIGN_STYLE = Automatic;
				CURRENT_PROJECT_VERSION = 1;
				DEVELOPMENT_ASSET_PATHS = "\"SelfieCam/Preview Content\"";
				DEVELOPMENT_TEAM = 9D79AWT4TU;
				ENABLE_PREVIEWS = YES;
				GENERATE_INFOPLIST_FILE = YES;
				INFOPLIST_KEY_UIApplicationSceneManifest_Generation = YES;
				INFOPLIST_KEY_UIApplicationSupportsIndirectInputEvents = YES;
				INFOPLIST_KEY_UILaunchScreen_Generation = YES;
				INFOPLIST_KEY_UISupportedInterfaceOrientations_iPad = "UIInterfaceOrientationPortrait UIInterfaceOrientationPortraitUpsideDown UIInterfaceOrientationLandscapeLeft UIInterfaceOrientationLandscapeRight";
				INFOPLIST_KEY_UISupportedInterfaceOrientations_iPhone = "UIInterfaceOrientationPortrait UIInterfaceOrientationLandscapeLeft UIInterfaceOrientationLandscapeRight";
				LD_RUNPATH_SEARCH_PATHS = (
					"$(inherited)",
					"@executable_path/Frameworks",
				);
				MARKETING_VERSION = 1.0;
				PRODUCT_BUNDLE_IDENTIFIER = com.halim.SelfieCam;
				PRODUCT_NAME = "$(TARGET_NAME)";
				SWIFT_EMIT_LOC_STRINGS = YES;
				SWIFT_VERSION = 5.0;
				TARGETED_DEVICE_FAMILY = "1,2";
			};
			name = Debug;
		};
		EF313E692C5E366300AC85AD /* Release */ = {
			isa = XCBuildConfiguration;
			buildSettings = {
				ASSETCATALOG_COMPILER_APPICON_NAME = AppIcon;
				ASSETCATALOG_COMPILER_GLOBAL_ACCENT_COLOR_NAME = AccentColor;
				CODE_SIGN_STYLE = Automatic;
				CURRENT_PROJECT_VERSION = 1;
				DEVELOPMENT_ASSET_PATHS = "\"SelfieCam/Preview Content\"";
				DEVELOPMENT_TEAM = 9D79AWT4TU;
				ENABLE_PREVIEWS = YES;
				GENERATE_INFOPLIST_FILE = YES;
				INFOPLIST_KEY_UIApplicationSceneManifest_Generation = YES;
				INFOPLIST_KEY_UIApplicationSupportsIndirectInputEvents = YES;
				INFOPLIST_KEY_UILaunchScreen_Generation = YES;
				INFOPLIST_KEY_UISupportedInterfaceOrientations_iPad = "UIInterfaceOrientationPortrait UIInterfaceOrientationPortraitUpsideDown UIInterfaceOrientationLandscapeLeft UIInterfaceOrientationLandscapeRight";
				INFOPLIST_KEY_UISupportedInterfaceOrientations_iPhone = "UIInterfaceOrientationPortrait UIInterfaceOrientationLandscapeLeft UIInterfaceOrientationLandscapeRight";
				LD_RUNPATH_SEARCH_PATHS = (
					"$(inherited)",
					"@executable_path/Frameworks",
				);
				MARKETING_VERSION = 1.0;
				PRODUCT_BUNDLE_IDENTIFIER = com.halim.SelfieCam;
				PRODUCT_NAME = "$(TARGET_NAME)";
				SWIFT_EMIT_LOC_STRINGS = YES;
				SWIFT_VERSION = 5.0;
				TARGETED_DEVICE_FAMILY = "1,2";
			};
			name = Release;
		};
		EF313E6B2C5E366300AC85AD /* Debug */ = {
			isa = XCBuildConfiguration;
			buildSettings = {
				ALWAYS_EMBED_SWIFT_STANDARD_LIBRARIES = YES;
				BUNDLE_LOADER = "$(TEST_HOST)";
				CODE_SIGN_STYLE = Automatic;
				CURRENT_PROJECT_VERSION = 1;
				DEVELOPMENT_TEAM = 9D79AWT4TU;
				GENERATE_INFOPLIST_FILE = YES;
				IPHONEOS_DEPLOYMENT_TARGET = 17.0;
				MARKETING_VERSION = 1.0;
				PRODUCT_BUNDLE_IDENTIFIER = com.halim.SelfieCamTests;
				PRODUCT_NAME = "$(TARGET_NAME)";
				SWIFT_EMIT_LOC_STRINGS = NO;
				SWIFT_VERSION = 5.0;
				TARGETED_DEVICE_FAMILY = "1,2";
				TEST_HOST = "$(BUILT_PRODUCTS_DIR)/SelfieCam.app/$(BUNDLE_EXECUTABLE_FOLDER_PATH)/SelfieCam";
			};
			name = Debug;
		};
		EF313E6C2C5E366300AC85AD /* Release */ = {
			isa = XCBuildConfiguration;
			buildSettings = {
				ALWAYS_EMBED_SWIFT_STANDARD_LIBRARIES = YES;
				BUNDLE_LOADER = "$(TEST_HOST)";
				CODE_SIGN_STYLE = Automatic;
				CURRENT_PROJECT_VERSION = 1;
				DEVELOPMENT_TEAM = 9D79AWT4TU;
				GENERATE_INFOPLIST_FILE = YES;
				IPHONEOS_DEPLOYMENT_TARGET = 17.0;
				MARKETING_VERSION = 1.0;
				PRODUCT_BUNDLE_IDENTIFIER = com.halim.SelfieCamTests;
				PRODUCT_NAME = "$(TARGET_NAME)";
				SWIFT_EMIT_LOC_STRINGS = NO;
				SWIFT_VERSION = 5.0;
				TARGETED_DEVICE_FAMILY = "1,2";
				TEST_HOST = "$(BUILT_PRODUCTS_DIR)/SelfieCam.app/$(BUNDLE_EXECUTABLE_FOLDER_PATH)/SelfieCam";
			};
			name = Release;
		};
		EF313E6E2C5E366300AC85AD /* Debug */ = {
			isa = XCBuildConfiguration;
			buildSettings = {
				ALWAYS_EMBED_SWIFT_STANDARD_LIBRARIES = YES;
				CODE_SIGN_STYLE = Automatic;
				CURRENT_PROJECT_VERSION = 1;
				DEVELOPMENT_TEAM = 9D79AWT4TU;
				GENERATE_INFOPLIST_FILE = YES;
				MARKETING_VERSION = 1.0;
				PRODUCT_BUNDLE_IDENTIFIER = com.halim.SelfieCamUITests;
				PRODUCT_NAME = "$(TARGET_NAME)";
				SWIFT_EMIT_LOC_STRINGS = NO;
				SWIFT_VERSION = 5.0;
				TARGETED_DEVICE_FAMILY = "1,2";
				TEST_TARGET_NAME = SelfieCam;
			};
			name = Debug;
		};
		EF313E6F2C5E366300AC85AD /* Release */ = {
			isa = XCBuildConfiguration;
			buildSettings = {
				ALWAYS_EMBED_SWIFT_STANDARD_LIBRARIES = YES;
				CODE_SIGN_STYLE = Automatic;
				CURRENT_PROJECT_VERSION = 1;
				DEVELOPMENT_TEAM = 9D79AWT4TU;
				GENERATE_INFOPLIST_FILE = YES;
				MARKETING_VERSION = 1.0;
				PRODUCT_BUNDLE_IDENTIFIER = com.halim.SelfieCamUITests;
				PRODUCT_NAME = "$(TARGET_NAME)";
				SWIFT_EMIT_LOC_STRINGS = NO;
				SWIFT_VERSION = 5.0;
				TARGETED_DEVICE_FAMILY = "1,2";
				TEST_TARGET_NAME = SelfieCam;
			};
			name = Release;
		};
/* End XCBuildConfiguration section */

/* Begin XCConfigurationList section */
		EF313E3E2C5E366200AC85AD /* Build configuration list for PBXProject "SelfieCam" */ = {
			isa = XCConfigurationList;
			buildConfigurations = (
				EF313E652C5E366300AC85AD /* Debug */,
				EF313E662C5E366300AC85AD /* Release */,
			);
			defaultConfigurationIsVisible = 0;
			defaultConfigurationName = Release;
		};
		EF313E672C5E366300AC85AD /* Build configuration list for PBXNativeTarget "SelfieCam" */ = {
			isa = XCConfigurationList;
			buildConfigurations = (
				EF313E682C5E366300AC85AD /* Debug */,
				EF313E692C5E366300AC85AD /* Release */,
			);
			defaultConfigurationIsVisible = 0;
			defaultConfigurationName = Release;
		};
		EF313E6A2C5E366300AC85AD /* Build configuration list for PBXNativeTarget "SelfieCamTests" */ = {
			isa = XCConfigurationList;
			buildConfigurations = (
				EF313E6B2C5E366300AC85AD /* Debug */,
				EF313E6C2C5E366300AC85AD /* Release */,
			);
			defaultConfigurationIsVisible = 0;
			defaultConfigurationName = Release;
		};
		EF313E6D2C5E366300AC85AD /* Build configuration list for PBXNativeTarget "SelfieCamUITests" */ = {
			isa = XCConfigurationList;
			buildConfigurations = (
				EF313E6E2C5E366300AC85AD /* Debug */,
				EF313E6F2C5E366300AC85AD /* Release */,
			);
			defaultConfigurationIsVisible = 0;
			defaultConfigurationName = Release;
		};
/* End XCConfigurationList section */
	};
	rootObject = EF313E3B2C5E366200AC85AD /* Project object */;
}
